
Microsoft Visual Studio Solution File, Format Version 12.00
# Visual Studio Version 17
VisualStudioVersion = 17.13.35818.85
MinimumVisualStudioVersion = 10.0.40219.1
Project("{FAE04EC0-301F-11D3-BF4B-00C04F79EFBC}") = "ConcurrentJobs.Client", "ConcurrentJobs.Client\ConcurrentJobs.Client.csproj", "{9E396D75-9BF2-4C3C-8E0C-63A93EDA2EEC}"
EndProject
Project("{FAE04EC0-301F-11D3-BF4B-00C04F79EFBC}") = "ConcurrentJobs.Client.Core", "ConcurrentJobs.Client.Core\ConcurrentJobs.Client.Core.csproj", "{D450A6C3-28ED-4D10-92EF-4C2862310432}"
EndProject
Project("{FAE04EC0-301F-11D3-BF4B-00C04F79EFBC}") = "ConcurrentJobs.Client.Services", "ConcurrentJobs.Client.Services\ConcurrentJobs.Client.Services.csproj", "{0A0134F2-7C08-46A8-B5CC-6D66C723F3A1}"
EndProject
Project("{2150E333-8FDC-42A3-9474-1A3956D46DE8}") = "Solution Items", "Solution Items", "{8EC462FD-D22E-90A8-E5CE-7E832BA40C5D}"
	ProjectSection(SolutionItems) = preProject
		README.md = README.md
	EndProjectSection
EndProject
Global
	GlobalSection(SolutionConfigurationPlatforms) = preSolution
		Debug|Any CPU = Debug|Any CPU
		Release|Any CPU = Release|Any CPU
	EndGlobalSection
	GlobalSection(ProjectConfigurationPlatforms) = postSolution
		{9E396D75-9BF2-4C3C-8E0C-63A93EDA2EEC}.Debug|Any CPU.ActiveCfg = Debug|Any CPU
		{9E396D75-9BF2-4C3C-8E0C-63A93EDA2EEC}.Debug|Any CPU.Build.0 = Debug|Any CPU
		{9E396D75-9BF2-4C3C-8E0C-63A93EDA2EEC}.Release|Any CPU.ActiveCfg = Release|Any CPU
		{9E396D75-9BF2-4C3C-8E0C-63A93EDA2EEC}.Release|Any CPU.Build.0 = Release|Any CPU
		{D450A6C3-28ED-4D10-92EF-4C2862310432}.Debug|Any CPU.ActiveCfg = Debug|Any CPU
		{D450A6C3-28ED-4D10-92EF-4C2862310432}.Debug|Any CPU.Build.0 = Debug|Any CPU
		{D450A6C3-28ED-4D10-92EF-4C2862310432}.Release|Any CPU.ActiveCfg = Release|Any CPU
		{D450A6C3-28ED-4D10-92EF-4C2862310432}.Release|Any CPU.Build.0 = Release|Any CPU
		{0A0134F2-7C08-46A8-B5CC-6D66C723F3A1}.Debug|Any CPU.ActiveCfg = Debug|Any CPU
		{0A0134F2-7C08-46A8-B5CC-6D66C723F3A1}.Debug|Any CPU.Build.0 = Debug|Any CPU
		{0A0134F2-7C08-46A8-B5CC-6D66C723F3A1}.Release|Any CPU.ActiveCfg = Release|Any CPU
		{0A0134F2-7C08-46A8-B5CC-6D66C723F3A1}.Release|Any CPU.Build.0 = Release|Any CPU
	EndGlobalSection
	GlobalSection(SolutionProperties) = preSolution
		HideSolutionNode = FALSE
	EndGlobalSection
	GlobalSection(ExtensibilityGlobals) = postSolution
		SolutionGuid = {3DA21671-6B3D-412E-939E-5796013D8999}
	EndGlobalSection
EndGlobal
